
Microsoft Visual Studio Solution File, Format Version 12.00
# Visual Studio Version 16
VisualStudioVersion = 16.0.31229.75
MinimumVisualStudioVersion = 10.0.40219.1
Project("{FAE04EC0-301F-11D3-BF4B-00C04F79EFBC}") = "Parcial2-ap2", "Parcial2-ap2\Parcial2-ap2.csproj", "{F4835856-C6DE-411B-8093-0AD894955D21}"
EndProject
Global
	GlobalSection(SolutionConfigurationPlatforms) = preSolution
		Debug|Any CPU = Debug|Any CPU
		Release|Any CPU = Release|Any CPU
	EndGlobalSection
	GlobalSection(ProjectConfigurationPlatforms) = postSolution
		{F4835856-C6DE-411B-8093-0AD894955D21}.Debug|Any CPU.ActiveCfg = Debug|Any CPU
		{F4835856-C6DE-411B-8093-0AD894955D21}.Debug|Any CPU.Build.0 = Debug|Any CPU
		{F4835856-C6DE-411B-8093-0AD894955D21}.Release|Any CPU.ActiveCfg = Release|Any CPU
		{F4835856-C6DE-411B-8093-0AD894955D21}.Release|Any CPU.Build.0 = Release|Any CPU
	EndGlobalSection
	GlobalSection(SolutionProperties) = preSolution
		HideSolutionNode = FALSE
	EndGlobalSection
	GlobalSection(ExtensibilityGlobals) = postSolution
		SolutionGuid = {2CA7F38D-D3C8-4EC0-92A2-10338602A48D}
	EndGlobalSection
EndGlobal
